
Microsoft Visual Studio Solution File, Format Version 12.00
# Visual Studio Version 16
VisualStudioVersion = 16.0.32002.261
MinimumVisualStudioVersion = 10.0.40219.1
Project("{FAE04EC0-301F-11D3-BF4B-00C04F79EFBC}") = "WebApplication1", "WebApplication1.csproj", "{ECD95DEE-1AA4-4249-9B88-804CCA5A66C3}"
EndProject
Global
	GlobalSection(SolutionConfigurationPlatforms) = preSolution
		Debug|Any CPU = Debug|Any CPU
		Release|Any CPU = Release|Any CPU
	EndGlobalSection
	GlobalSection(ProjectConfigurationPlatforms) = postSolution
		{ECD95DEE-1AA4-4249-9B88-804CCA5A66C3}.Debug|Any CPU.ActiveCfg = Debug|Any CPU
		{ECD95DEE-1AA4-4249-9B88-804CCA5A66C3}.Debug|Any CPU.Build.0 = Debug|Any CPU
		{ECD95DEE-1AA4-4249-9B88-804CCA5A66C3}.Release|Any CPU.ActiveCfg = Release|Any CPU
		{ECD95DEE-1AA4-4249-9B88-804CCA5A66C3}.Release|Any CPU.Build.0 = Release|Any CPU
	EndGlobalSection
	GlobalSection(SolutionProperties) = preSolution
		HideSolutionNode = FALSE
	EndGlobalSection
	GlobalSection(ExtensibilityGlobals) = postSolution
		SolutionGuid = {441AF03D-6975-4496-AB1F-BEB1EFC924D3}
	EndGlobalSection
EndGlobal
